{
  "version": 4,
  "terraform_version": "1.1.7",
  "serial": 76,
  "lineage": "c5d1fb31-e65a-2e9a-4f16-9b332da4a62b",
  "outputs": {
    "floating_app_ip_addr": {
      "value": [
        {
          "id": 20500982,
          "ip": "195.201.250.204"
        }
      ],
      "type": [
        "tuple",
        [
          [
            "object",
            {
              "id": "number",
              "ip": "string"
            }
          ]
        ]
      ]
    },
    "server_app_ip_addr": {
      "value": [
        {
          "id": "20500982",
          "ip": "116.203.208.124"
        }
      ],
      "type": [
        "tuple",
        [
          [
            "object",
            {
              "id": "string",
              "ip": "string"
            }
          ]
        ]
      ]
    }
  },
  "resources": [
    {
      "mode": "data",
      "type": "template_file",
      "name": "user_data",
      "provider": "provider[\"registry.terraform.io/hashicorp/template\"]",
      "instances": [
        {
          "schema_version": 0,
          "attributes": {
            "filename": null,
            "id": "ca0aa1f6913980ac7e61f3fb24b0aa784e7d1e570d1eedc215a9d4a4e4755bfc",
            "rendered": "#cloud-config\nusers:\n  - name: devops\n    groups: users, admin\n    sudo: ALL=(ALL) NOPASSWD:ALL\n    shell: /bin/bash\n    ssh_authorized_keys:\n      - ssh-ed25519 AAAAC3NzaC1lZDI1NTE5AAAAIM9nkpLLXM86MdvqbBBZhta5e6Na/B4lIi2bBNWMZHf3 raziel@be-quiet-lin\n\npackage_update: true\npackage_upgrade: true\n  - ufw\n  - unzip\nruncmd:\n  # Enable firewall\n  - ufw enable\n\n  - apt-get update\n  - apt-get upgrade\n\n  - ufw allow 2211/tcp comment 'Open port ssh tcp port 2211'\n\n  # ssh hardening\n  # @see https://www.digitalocean.com/community/tutorials/how-to-harden-openssh-on-ubuntu-20-04\n  # @see https://kennethghartman.com/change-config-settings-using-a-bash-script/\n  - cp /etc/ssh/sshd_config /etc/ssh/sshd_config.bak\n  # Chnage ssh port to 2211\n  - sed -i 's/#\\?\\(Port\\s*\\).*$/\\1 2211/' /etc/ssh/sshd_config\n  # Disable root login over ssh\n  - sed -i 's/#\\?\\(PermitRootLogin\\s*\\).*$/\\1 no/' /etc/ssh/sshd_config\n  # Enable public key auth\n  - sed -i 's/#\\?\\(PubkeyAuthentication\\s*\\).*$/\\1 yes/' /etc/ssh/sshd_config\n  # Disable empty passwords\n  - sed -i 's/#\\?\\(PermitEmptyPasswords\\s*\\).*$/\\1 no/' /etc/ssh/sshd_config\n  # Disable password base auth \n  - sed -i 's/#\\?\\(PasswordAuthentication\\s*\\).*$/\\1 no/' /etc/ssh/sshd_config\n  # Set max retries to 2\n  - sed -i 's/#\\?\\(MaxAuthTries\\s*\\).*$/\\1 3/' /etc/ssh/sshd_config\n  # Disable x11Forwarding\n  - sed -i 's/#\\?\\(X11Forwarding\\s*\\).*$/\\1 no/' /etc/ssh/sshd_config\n  # Do not show info about last login\n  - sed -i 's/#\\?\\(PrintLastLog\\s*\\).*$/\\1 no/' /etc/ssh/sshd_config\n  # Disable tunnel\n  - sed -i 's/#\\?\\(PermitTunnel\\s*\\).*$/\\1 no/' /etc/ssh/sshd_config\n  # Disable agent forwards\n  - sed -i 's/#\\?\\(AllowAgentForwarding\\s*\\).*$/\\1 no/' /etc/ssh/sshd_config\n  # Disable tcp forwards\n  - sed -i 's/#\\?\\(AllowTcpForwarding\\s*\\).*$/\\1 no/' /etc/ssh/sshd_config\n  # Disable ChallengeResponseAuthentication\n  - sed -i 's/#\\?\\(ChallengeResponseAuthentication\\s*\\).*$/\\1 no/' /etc/ssh/sshd_config\n  # Disable KerberosAuthentication\n  - sed -i 's/#\\?\\(KerberosAuthentication\\s*\\).*$/\\1 no/' /etc/ssh/sshd_config\n  # Disable GSSAPIAuthentication\n  - sed -i 's/#\\?\\(GSSAPIAuthentication\\s*\\).*$/\\1 no/' /etc/ssh/sshd_config\n  # Only allow devops user\n  - sed -i '$a AllowUsers devops' /etc/ssh/sshd_config\n  - systemctl reload sshd.service\n\n  # Additional reboot to ensure that all is updated\n  - reboot",
            "template": "#cloud-config\nusers:\n  - name: devops\n    groups: users, admin\n    sudo: ALL=(ALL) NOPASSWD:ALL\n    shell: /bin/bash\n    ssh_authorized_keys:\n      ${ssh_authorized_keys}\npackage_update: true\npackage_upgrade: true\n  - ufw\n  - unzip\nruncmd:\n  # Enable firewall\n  - ufw enable\n\n  - apt-get update\n  - apt-get upgrade\n\n  - ufw allow 2211/tcp comment 'Open port ssh tcp port 2211'\n\n  # ssh hardening\n  # @see https://www.digitalocean.com/community/tutorials/how-to-harden-openssh-on-ubuntu-20-04\n  # @see https://kennethghartman.com/change-config-settings-using-a-bash-script/\n  - cp /etc/ssh/sshd_config /etc/ssh/sshd_config.bak\n  # Chnage ssh port to 2211\n  - sed -i 's/#\\?\\(Port\\s*\\).*$/\\1 2211/' /etc/ssh/sshd_config\n  # Disable root login over ssh\n  - sed -i 's/#\\?\\(PermitRootLogin\\s*\\).*$/\\1 no/' /etc/ssh/sshd_config\n  # Enable public key auth\n  - sed -i 's/#\\?\\(PubkeyAuthentication\\s*\\).*$/\\1 yes/' /etc/ssh/sshd_config\n  # Disable empty passwords\n  - sed -i 's/#\\?\\(PermitEmptyPasswords\\s*\\).*$/\\1 no/' /etc/ssh/sshd_config\n  # Disable password base auth \n  - sed -i 's/#\\?\\(PasswordAuthentication\\s*\\).*$/\\1 no/' /etc/ssh/sshd_config\n  # Set max retries to 2\n  - sed -i 's/#\\?\\(MaxAuthTries\\s*\\).*$/\\1 3/' /etc/ssh/sshd_config\n  # Disable x11Forwarding\n  - sed -i 's/#\\?\\(X11Forwarding\\s*\\).*$/\\1 no/' /etc/ssh/sshd_config\n  # Do not show info about last login\n  - sed -i 's/#\\?\\(PrintLastLog\\s*\\).*$/\\1 no/' /etc/ssh/sshd_config\n  # Disable tunnel\n  - sed -i 's/#\\?\\(PermitTunnel\\s*\\).*$/\\1 no/' /etc/ssh/sshd_config\n  # Disable agent forwards\n  - sed -i 's/#\\?\\(AllowAgentForwarding\\s*\\).*$/\\1 no/' /etc/ssh/sshd_config\n  # Disable tcp forwards\n  - sed -i 's/#\\?\\(AllowTcpForwarding\\s*\\).*$/\\1 no/' /etc/ssh/sshd_config\n  # Disable ChallengeResponseAuthentication\n  - sed -i 's/#\\?\\(ChallengeResponseAuthentication\\s*\\).*$/\\1 no/' /etc/ssh/sshd_config\n  # Disable KerberosAuthentication\n  - sed -i 's/#\\?\\(KerberosAuthentication\\s*\\).*$/\\1 no/' /etc/ssh/sshd_config\n  # Disable GSSAPIAuthentication\n  - sed -i 's/#\\?\\(GSSAPIAuthentication\\s*\\).*$/\\1 no/' /etc/ssh/sshd_config\n  # Only allow devops user\n  - sed -i '$a AllowUsers devops' /etc/ssh/sshd_config\n  - systemctl reload sshd.service\n\n  # Additional reboot to ensure that all is updated\n  - reboot",
            "vars": {
              "ssh_authorized_keys": "- ssh-ed25519 AAAAC3NzaC1lZDI1NTE5AAAAIM9nkpLLXM86MdvqbBBZhta5e6Na/B4lIi2bBNWMZHf3 raziel@be-quiet-lin\n"
            }
          },
          "sensitive_attributes": []
        }
      ]
    },
    {
      "mode": "managed",
      "type": "hcloud_firewall",
      "name": "default",
      "provider": "provider[\"registry.terraform.io/hetznercloud/hcloud\"]",
      "instances": [
        {
          "schema_version": 0,
          "attributes": {
            "apply_to": [
              {
                "label_selector": "",
                "server": 20500982
              }
            ],
            "id": "392032",
            "labels": {
              "env": "dev",
              "project": "city_trees"
            },
            "name": "server_firewall-dev",
            "rule": [
              {
                "description": "",
                "destination_ips": [],
                "direction": "in",
                "port": "",
                "protocol": "icmp",
                "source_ips": [
                  "0.0.0.0/0",
                  "::/0"
                ]
              },
              {
                "description": "",
                "destination_ips": [],
                "direction": "in",
                "port": "2096",
                "protocol": "tcp",
                "source_ips": [
                  "0.0.0.0/0",
                  "::/0"
                ]
              },
              {
                "description": "",
                "destination_ips": [],
                "direction": "in",
                "port": "2211",
                "protocol": "tcp",
                "source_ips": [
                  "0.0.0.0/0",
                  "::/0"
                ]
              }
            ]
          },
          "sensitive_attributes": [],
          "private": "bnVsbA=="
        }
      ]
    },
    {
      "mode": "managed",
      "type": "hcloud_floating_ip",
      "name": "app_server_ip",
      "provider": "provider[\"registry.terraform.io/hetznercloud/hcloud\"]",
      "instances": [
        {
          "index_key": "01",
          "schema_version": 0,
          "attributes": {
            "delete_protection": false,
            "description": "",
            "home_location": "nbg1",
            "id": "6335723",
            "ip_address": "195.201.250.204",
            "ip_network": null,
            "labels": {
              "env": "dev",
              "project": "city_trees"
            },
            "name": "app-server-ip-dev-01",
            "server_id": 20500982,
            "type": "ipv4"
          },
          "sensitive_attributes": [],
          "private": "bnVsbA==",
          "dependencies": [
            "data.template_file.user_data",
            "hcloud_firewall.default",
            "hcloud_network.default",
            "hcloud_network_subnet.default",
            "hcloud_server.app_server",
            "hcloud_ssh_key.deploy_ssh_key"
          ]
        }
      ]
    },
    {
      "mode": "managed",
      "type": "hcloud_floating_ip_assignment",
      "name": "app_server_assignment",
      "provider": "provider[\"registry.terraform.io/hetznercloud/hcloud\"]",
      "instances": [
        {
          "index_key": "01",
          "schema_version": 0,
          "attributes": {
            "floating_ip_id": 6335723,
            "id": "6335723",
            "server_id": 20500982
          },
          "sensitive_attributes": [],
          "private": "bnVsbA==",
          "dependencies": [
            "data.template_file.user_data",
            "hcloud_firewall.default",
            "hcloud_floating_ip.app_server_ip",
            "hcloud_network.default",
            "hcloud_network_subnet.default",
            "hcloud_server.app_server",
            "hcloud_ssh_key.deploy_ssh_key"
          ]
        }
      ]
    },
    {
      "mode": "managed",
      "type": "hcloud_network",
      "name": "default",
      "provider": "provider[\"registry.terraform.io/hetznercloud/hcloud\"]",
      "instances": [
        {
          "schema_version": 0,
          "attributes": {
            "delete_protection": false,
            "id": "1649489",
            "ip_range": "10.0.0.0/16",
            "labels": {},
            "name": "network-dev"
          },
          "sensitive_attributes": [],
          "private": "bnVsbA=="
        }
      ]
    },
    {
      "mode": "managed",
      "type": "hcloud_network_subnet",
      "name": "default",
      "provider": "provider[\"registry.terraform.io/hetznercloud/hcloud\"]",
      "instances": [
        {
          "schema_version": 0,
          "attributes": {
            "gateway": "10.0.0.1",
            "id": "1649489-10.0.1.0/24",
            "ip_range": "10.0.1.0/24",
            "network_id": 1649489,
            "network_zone": "eu-central",
            "type": "cloud",
            "vswitch_id": null
          },
          "sensitive_attributes": [],
          "private": "bnVsbA==",
          "dependencies": [
            "hcloud_network.default"
          ]
        }
      ]
    },
    {
      "mode": "managed",
      "type": "hcloud_server",
      "name": "app_server",
      "provider": "provider[\"registry.terraform.io/hetznercloud/hcloud\"]",
      "instances": [
        {
          "index_key": "01",
          "schema_version": 0,
          "attributes": {
            "backup_window": "02-06",
            "backups": true,
            "datacenter": "nbg1-dc3",
            "delete_protection": false,
            "firewall_ids": [
              392032
            ],
            "id": "20500982",
            "ignore_remote_firewall_ids": false,
            "image": "ubuntu-22.04",
            "ipv4_address": "116.203.208.124",
            "ipv6_address": "2a01:4f8:1c1e:ef10::1",
            "ipv6_network": "2a01:4f8:1c1e:ef10::/64",
            "iso": null,
            "keep_disk": false,
            "labels": {
              "env": "dev",
              "project": "city_trees"
            },
            "location": "nbg1",
            "name": "city-trees-dev-01",
            "network": [
              {
                "alias_ips": [],
                "ip": "10.0.1.5",
                "mac_address": "86:00:00:10:42:64",
                "network_id": 1649489
              }
            ],
            "placement_group_id": null,
            "rebuild_protection": false,
            "rescue": null,
            "server_type": "cpx11",
            "ssh_keys": [
              "6439712"
            ],
            "status": "running",
            "timeouts": null,
            "user_data": "Ow4X5gbatkpBkB2SPdJ/EOOfxUk="
          },
          "sensitive_attributes": [],
          "private": "eyJlMmJmYjczMC1lY2FhLTExZTYtOGY4OC0zNDM2M2JjN2M0YzAiOnsiY3JlYXRlIjo1NDAwMDAwMDAwMDAwfX0=",
          "dependencies": [
            "data.template_file.user_data",
            "hcloud_firewall.default",
            "hcloud_network.default",
            "hcloud_network_subnet.default",
            "hcloud_ssh_key.deploy_ssh_key"
          ]
        }
      ]
    },
    {
      "mode": "managed",
      "type": "hcloud_ssh_key",
      "name": "deploy_ssh_key",
      "provider": "provider[\"registry.terraform.io/hetznercloud/hcloud\"]",
      "instances": [
        {
          "schema_version": 0,
          "attributes": {
            "fingerprint": "53:82:29:a9:76:02:ab:1b:93:b6:7f:49:d0:be:e0:fe",
            "id": "6439712",
            "labels": {
              "env": "dev",
              "project": "city_trees"
            },
            "name": "deploy_dev",
            "public_key": "ssh-ed25519 AAAAC3NzaC1lZDI1NTE5AAAAIM9nkpLLXM86MdvqbBBZhta5e6Na/B4lIi2bBNWMZHf3 raziel@be-quiet-lin\n"
          },
          "sensitive_attributes": [],
          "private": "bnVsbA=="
        }
      ]
    }
  ]
}
