# This file is generated by running "yarn install" inside your project.
# Manual changes might be lost - proceed with caution!

__metadata:
  version: 6
  cacheKey: 8

"@city-trees/city-trees-web@workspace:apps/city_trees_web":
  version: 0.0.0-use.local
  resolution: "@city-trees/city-trees-web@workspace:apps/city_trees_web"
  dependencies:
    "@types/mapbox-gl": ^2.7.3
    mapbox-gl: ^2.9.0
  languageName: unknown
  linkType: soft

"@city-trees/umbrella@workspace:.":
  version: 0.0.0-use.local
  resolution: "@city-trees/umbrella@workspace:."
  languageName: unknown
  linkType: soft

"@mapbox/geojson-rewind@npm:^0.5.1":
  version: 0.5.2
  resolution: "@mapbox/geojson-rewind@npm:0.5.2"
  dependencies:
    get-stream: ^6.0.1
    minimist: ^1.2.6
  bin:
    geojson-rewind: geojson-rewind
  checksum: 721470ab5e8912d69aef06fa4db891bade8b028d6708a35a982b1dfec0f40eb4ba05a749258867f5844cf4e776e53866813bf9c97e3289054b21cbf7840d3608
  languageName: node
  linkType: hard

"@mapbox/geojson-types@npm:^1.0.2":
  version: 1.0.2
  resolution: "@mapbox/geojson-types@npm:1.0.2"
  checksum: ab1fa0afcedb384aea39b25218b74dd823fc86929c5df5f15fbebac1d98eb30c16f4dded7199999c99d23a0a5f36c6e3380aad91adc736c302a94adbd3980ace
  languageName: node
  linkType: hard

"@mapbox/jsonlint-lines-primitives@npm:^2.0.2":
  version: 2.0.2
  resolution: "@mapbox/jsonlint-lines-primitives@npm:2.0.2"
  checksum: 4eb31edd3ccff530f7b687ddc6d813d6e24fc66e9a563460882e7861b49f9331c5ded6fd7e927b37affbbd98f83bff1f7b916119044f1931df03c6ffedba2cfb
  languageName: node
  linkType: hard

"@mapbox/mapbox-gl-supported@npm:^2.0.1":
  version: 2.0.1
  resolution: "@mapbox/mapbox-gl-supported@npm:2.0.1"
  checksum: 1dffc96baacc56e34b09f2ae6ac4b2b8f10ad51a9d7c4946dc2057f456deeacd5d0729e340120857b3204a14d9961266f3218d26e101d46e81717954f1c129af
  languageName: node
  linkType: hard

"@mapbox/point-geometry@npm:0.1.0, @mapbox/point-geometry@npm:^0.1.0, @mapbox/point-geometry@npm:~0.1.0":
  version: 0.1.0
  resolution: "@mapbox/point-geometry@npm:0.1.0"
  checksum: ed41c1ce0140de81039424415d9a199abba72cdb2287314e1b8c3e295da3224f7e8c1b0ae99a9b097703e7abe63e1978a518e29896989cc8bba3d482360bc22f
  languageName: node
  linkType: hard

"@mapbox/tiny-sdf@npm:^2.0.5":
  version: 2.0.5
  resolution: "@mapbox/tiny-sdf@npm:2.0.5"
  checksum: 23fd158ea795592cf1f825fcac20d48230c54a6985a931f609af8b4e69cd99f1c798dc893baec63f4fd6f42ffc3e7292b39f4126966412edd4606eb3dbf86b54
  languageName: node
  linkType: hard

"@mapbox/unitbezier@npm:^0.0.0":
  version: 0.0.0
  resolution: "@mapbox/unitbezier@npm:0.0.0"
  checksum: 22ae6d56f743570fb222a5b0d323398e342007f689ae6445b6238d60a2faaa312b41c1de1fb2553bca4ccdb2d3f7006af04d94457c54b44a6454ce0198eebf9e
  languageName: node
  linkType: hard

"@mapbox/vector-tile@npm:^1.3.1":
  version: 1.3.1
  resolution: "@mapbox/vector-tile@npm:1.3.1"
  dependencies:
    "@mapbox/point-geometry": ~0.1.0
  checksum: 7093d4fa7d0382a0eae9d79526c5ad57c32099300b013d3afb4ab7499ac2a096f6f0a487cc81151ef81e0432a4b157513666b1592a4a4c1497341cde835551aa
  languageName: node
  linkType: hard

"@mapbox/whoots-js@npm:^3.1.0":
  version: 3.1.0
  resolution: "@mapbox/whoots-js@npm:3.1.0"
  checksum: c1837c04effd205b207f441356d952eae7e8aad6c58f7c4900de50318c2147cf175936fc9434f20dfa409f9e6a78ec604d61e70c1c20572db0cc7655fbb65f50
  languageName: node
  linkType: hard

"@types/geojson@npm:*":
  version: 7946.0.8
  resolution: "@types/geojson@npm:7946.0.8"
  checksum: 6049a39b025cfe323d5cf87333d87c133ec963cdbd349c49295bee779827ee4b46a3041fd8bd2e7a4b02d6d1e26f3002968875928941bbed08477bfd5f6f9284
  languageName: node
  linkType: hard

"@types/mapbox-gl@npm:^2.7.3":
  version: 2.7.3
  resolution: "@types/mapbox-gl@npm:2.7.3"
  dependencies:
    "@types/geojson": "*"
  checksum: 1c89b4ba1b00ad2e6ee4200bdb438346234dccbe1ba87c1fba2dabdbf37079c7a3a99075265e698dfab78020f59651978f0e40e9c057c6631a29a10c66ab6a80
  languageName: node
  linkType: hard

"csscolorparser@npm:~1.0.3":
  version: 1.0.3
  resolution: "csscolorparser@npm:1.0.3"
  checksum: e40f3045ea15c7e7eaa78e110412fe8b820d47b698c1eb1d1e7ecb42703bf447406a24304b891ae9df61e85d947f33fc67bd0120c7f9e3a5183e6e0b9afff92c
  languageName: node
  linkType: hard

"earcut@npm:^2.2.3":
  version: 2.2.3
  resolution: "earcut@npm:2.2.3"
  checksum: 4e3bab80366c49e0332a0bb061649a3b9354dcbfa636155c7eee250be0670d7139d53f2aebbcf90788507c71b76ec1713c20e36527f202b9abb79c9e5858ec35
  languageName: node
  linkType: hard

"geojson-vt@npm:^3.2.1":
  version: 3.2.1
  resolution: "geojson-vt@npm:3.2.1"
  checksum: 7c7973cfaf9e3bb1c1dc9578ec00e602efb6f8d57f4dd7f6b28baeb7825bcaeb1684018b850211e333ab4b90a4a89a02ff7793732c505d67101ccbc38e307e02
  languageName: node
  linkType: hard

"get-stream@npm:^6.0.1":
  version: 6.0.1
  resolution: "get-stream@npm:6.0.1"
  checksum: e04ecece32c92eebf5b8c940f51468cd53554dcbb0ea725b2748be583c9523d00128137966afce410b9b051eb2ef16d657cd2b120ca8edafcf5a65e81af63cad
  languageName: node
  linkType: hard

"gl-matrix@npm:^3.4.3":
  version: 3.4.3
  resolution: "gl-matrix@npm:3.4.3"
  checksum: c47830ba727f3d0fab635c48135af96aef66274079a3e0afd6f68b68c98eae9fc1bcfdc7312fe2301e4fd22dd24c5e0f1b5d025960a208e50d07101ed8d940f9
  languageName: node
  linkType: hard

"grid-index@npm:^1.1.0":
  version: 1.1.0
  resolution: "grid-index@npm:1.1.0"
  checksum: 0e9d427b606ac644a723719116bb067639c01dccc881f161525e8eddb13b2de3b8a274641ef6d926d7629877ad8ed06b45290d52dd2d8af45532c50ccbbefe43
  languageName: node
  linkType: hard

"ieee754@npm:^1.1.12":
  version: 1.2.1
  resolution: "ieee754@npm:1.2.1"
  checksum: 5144c0c9815e54ada181d80a0b810221a253562422e7c6c3a60b1901154184f49326ec239d618c416c1c5945a2e197107aee8d986a3dd836b53dffefd99b5e7e
  languageName: node
  linkType: hard

"kdbush@npm:^3.0.0":
  version: 3.0.0
  resolution: "kdbush@npm:3.0.0"
  checksum: bc5fa433958e42664a8a92457e4f0d1db55b3b8e36956aac0102964adb2eab043bdbff156570dc8d867144ceff588fb7a1c6e099ba9be068cd1767a73e1ace92
  languageName: node
  linkType: hard

"mapbox-gl@npm:^2.9.0":
  version: 2.9.0
  resolution: "mapbox-gl@npm:2.9.0"
  dependencies:
    "@mapbox/geojson-rewind": ^0.5.1
    "@mapbox/geojson-types": ^1.0.2
    "@mapbox/jsonlint-lines-primitives": ^2.0.2
    "@mapbox/mapbox-gl-supported": ^2.0.1
    "@mapbox/point-geometry": ^0.1.0
    "@mapbox/tiny-sdf": ^2.0.5
    "@mapbox/unitbezier": ^0.0.0
    "@mapbox/vector-tile": ^1.3.1
    "@mapbox/whoots-js": ^3.1.0
    csscolorparser: ~1.0.3
    earcut: ^2.2.3
    geojson-vt: ^3.2.1
    gl-matrix: ^3.4.3
    grid-index: ^1.1.0
    murmurhash-js: ^1.0.0
    pbf: ^3.2.1
    potpack: ^1.0.2
    quickselect: ^2.0.0
    rw: ^1.3.3
    supercluster: ^7.1.4
    tinyqueue: ^2.0.3
    vt-pbf: ^3.1.3
  checksum: cbca042b587c39d3f78859987d18b253a6d6734b89aad7a8db04120da8f402a5882ea4566c0751690b179760686c0aea8bac4e4c746a98f0bdd0661aa98aaa0f
  languageName: node
  linkType: hard

"minimist@npm:^1.2.6":
  version: 1.2.6
  resolution: "minimist@npm:1.2.6"
  checksum: d15428cd1e11eb14e1233bcfb88ae07ed7a147de251441d61158619dfb32c4d7e9061d09cab4825fdee18ecd6fce323228c8c47b5ba7cd20af378ca4048fb3fb
  languageName: node
  linkType: hard

"murmurhash-js@npm:^1.0.0":
  version: 1.0.0
  resolution: "murmurhash-js@npm:1.0.0"
  checksum: 083cea92a11bc9eb25be1446fc92eded3f49731bc1ad34fa8023afd68c234d1dd59458d70eb20e667b1383bedeeb8dfb1a16c89913b6ffe3584fd22fb598739d
  languageName: node
  linkType: hard

"pbf@npm:^3.2.1":
  version: 3.2.1
  resolution: "pbf@npm:3.2.1"
  dependencies:
    ieee754: ^1.1.12
    resolve-protobuf-schema: ^2.1.0
  bin:
    pbf: bin/pbf
  checksum: 8033f5e21fffdc485e85d50bbff07ab3313c6841c3630a4ba9bc9e82d2e9005ab92000a1a90cb911223caa44316293e367bab607dd8110d5c771e6c8aaad63e1
  languageName: node
  linkType: hard

"potpack@npm:^1.0.2":
  version: 1.0.2
  resolution: "potpack@npm:1.0.2"
  checksum: 9dfdbbce012ce80842249abcdd89e20222eb8ae96beba8d578b7e41e78feefc7e33b5c72d46fb8dd3a1e382cb4da9c34574764d88aa8849ab36f542fd2088b42
  languageName: node
  linkType: hard

"protocol-buffers-schema@npm:^3.3.1":
  version: 3.6.0
  resolution: "protocol-buffers-schema@npm:3.6.0"
  checksum: 8713b5770f6745ddbcdf3bbd03ee020624d506233bb567927a6615a6f69a5bd620a5f49597f34f4115792b853a4c9cb9e2d5d6b930a1c04bf198023e45c1c349
  languageName: node
  linkType: hard

"quickselect@npm:^2.0.0":
  version: 2.0.0
  resolution: "quickselect@npm:2.0.0"
  checksum: ed2e78431050d223fb75da20ee98011aef1a03f7cb04e1a32ee893402e640be3cfb76d72e9dbe01edf3bb457ff6a62e5c2d85748424d1aa531f6ba50daef098c
  languageName: node
  linkType: hard

"resolve-protobuf-schema@npm:^2.1.0":
  version: 2.1.0
  resolution: "resolve-protobuf-schema@npm:2.1.0"
  dependencies:
    protocol-buffers-schema: ^3.3.1
  checksum: 88fffab2a3757888884a36f9aa4e24be5186b01820a8c26297dc1ce406b9daf776594926bdf524c2c8e8e5b0aba8ac48362b6584cdecc9a7083215ebca01c599
  languageName: node
  linkType: hard

"rw@npm:^1.3.3":
  version: 1.3.3
  resolution: "rw@npm:1.3.3"
  checksum: c20d82421f5a71c86a13f76121b751553a99cd4a70ea27db86f9b23f33db941f3f06019c30f60d50c356d0bd674c8e74764ac146ea55e217c091bde6fba82aa3
  languageName: node
  linkType: hard

"supercluster@npm:^7.1.4":
  version: 7.1.5
  resolution: "supercluster@npm:7.1.5"
  dependencies:
    kdbush: ^3.0.0
  checksum: 69863238870093b96617135884721b6343746e14f396b2d67d6b55c52c362ec0516c5e386aa21815e75a9cef2054e831ac34023d0d8b600091d28cea0794f027
  languageName: node
  linkType: hard

"tinyqueue@npm:^2.0.3":
  version: 2.0.3
  resolution: "tinyqueue@npm:2.0.3"
  checksum: 0b6bda46b680dca072f84aef1acd22a7085a2ff2aa8e222bb41045c61a056943805056d77d7f976587ed6a0597872beb5c416043f65f0314304432d6c178dd20
  languageName: node
  linkType: hard

"vt-pbf@npm:^3.1.3":
  version: 3.1.3
  resolution: "vt-pbf@npm:3.1.3"
  dependencies:
    "@mapbox/point-geometry": 0.1.0
    "@mapbox/vector-tile": ^1.3.1
    pbf: ^3.2.1
  checksum: 83375b7ffe2e92ab2a4c9924cf2cd80e311b38e9e616c244656140a76090c037c55a1b1379b234cb6567444f32e9cb40fd2c5b6e555ffff4330feba56250f90c
  languageName: node
  linkType: hard
