{
  "version": 4,
  "terraform_version": "1.1.7",
  "serial": 111,
  "lineage": "29ba21ce-a8f0-0ad7-f815-84d706e557b3",
  "outputs": {
    "server_apps": {
      "value": [
        {
          "floating_ip": "195.201.250.214",
          "id": "20522699",
          "internal_ip": "167.235.57.53",
          "labels": {
            "env": "prod",
            "project": "city_trees"
          }
        }
      ],
      "type": [
        "tuple",
        [
          [
            "object",
            {
              "floating_ip": "string",
              "id": "string",
              "internal_ip": "string",
              "labels": [
                "map",
                "string"
              ]
            }
          ]
        ]
      ]
    }
  },
  "resources": [
    {
      "mode": "data",
      "type": "template_file",
      "name": "user_data",
      "provider": "provider[\"registry.terraform.io/hashicorp/template\"]",
      "instances": [
        {
          "index_key": "01",
          "schema_version": 0,
          "attributes": {
            "filename": null,
            "id": "1f851312bdc6e5361338864b61ea29a25ef2ec088f7f38234910a98233687733",
            "rendered": "#cloud-config\nusers:\n  - name: devops\n    groups: users, admin\n    sudo: ALL=(ALL) NOPASSWD:ALL\n    shell: /bin/bash\n    ssh_authorized_keys:\n      - ssh-ed25519 AAAAC3NzaC1lZDI1NTE5AAAAIAS/7t75Vdf8383f9Qt61iJG1yXDXBzFJA6QS+8qeieo raziel@be-quiet-lin\n\npackage_update: true\npackage_upgrade: true\n  - ufw\n  - unzip\n\nwrite_files: \n  - path: /etc/netplan/60-floating-ip.yaml\n    content: |\n      network:\n        version: 2\n        renderer: networkd\n        ethernets:\n          eth0:\n            addresses:\n            - 195.201.250.214/32    \nruncmd:\n  # Enable firewall\n  - ufw enable\n\n  - apt-get update\n  - apt-get upgrade\n\n  - ufw allow 2211/tcp comment 'Open port ssh tcp port 2211'\n\n  # ssh hardening\n  # @see https://www.digitalocean.com/community/tutorials/how-to-harden-openssh-on-ubuntu-20-04\n  # @see https://kennethghartman.com/change-config-settings-using-a-bash-script/\n  - cp /etc/ssh/sshd_config /etc/ssh/sshd_config.bak\n  # Chnage ssh port to 2211\n  - sed -i 's/#\\?\\(Port\\s*\\).*$/\\1 2211/' /etc/ssh/sshd_config\n  # Disable root login over ssh\n  - sed -i 's/#\\?\\(PermitRootLogin\\s*\\).*$/\\1 no/' /etc/ssh/sshd_config\n  # Enable public key auth\n  - sed -i 's/#\\?\\(PubkeyAuthentication\\s*\\).*$/\\1 yes/' /etc/ssh/sshd_config\n  # Disable empty passwords\n  - sed -i 's/#\\?\\(PermitEmptyPasswords\\s*\\).*$/\\1 no/' /etc/ssh/sshd_config\n  # Disable password base auth \n  - sed -i 's/#\\?\\(PasswordAuthentication\\s*\\).*$/\\1 no/' /etc/ssh/sshd_config\n  # Set max retries to 2\n  - sed -i 's/#\\?\\(MaxAuthTries\\s*\\).*$/\\1 3/' /etc/ssh/sshd_config\n  # Disable x11Forwarding\n  - sed -i 's/#\\?\\(X11Forwarding\\s*\\).*$/\\1 no/' /etc/ssh/sshd_config\n  # Do not show info about last login\n  - sed -i 's/#\\?\\(PrintLastLog\\s*\\).*$/\\1 no/' /etc/ssh/sshd_config\n  # Disable tunnel\n  - sed -i 's/#\\?\\(PermitTunnel\\s*\\).*$/\\1 no/' /etc/ssh/sshd_config\n  # Disable agent forwards\n  - sed -i 's/#\\?\\(AllowAgentForwarding\\s*\\).*$/\\1 no/' /etc/ssh/sshd_config\n  # Disable tcp forwards\n  - sed -i 's/#\\?\\(AllowTcpForwarding\\s*\\).*$/\\1 no/' /etc/ssh/sshd_config\n  # Disable ChallengeResponseAuthentication\n  - sed -i 's/#\\?\\(ChallengeResponseAuthentication\\s*\\).*$/\\1 no/' /etc/ssh/sshd_config\n  # Disable KerberosAuthentication\n  - sed -i 's/#\\?\\(KerberosAuthentication\\s*\\).*$/\\1 no/' /etc/ssh/sshd_config\n  # Disable GSSAPIAuthentication\n  - sed -i 's/#\\?\\(GSSAPIAuthentication\\s*\\).*$/\\1 no/' /etc/ssh/sshd_config\n  # Only allow devops user\n  - sed -i '$a AllowUsers devops' /etc/ssh/sshd_config\n  - systemctl reload sshd.service\n  \n  # Apply changes to get floating ip\n  - netplan apply\n  # Additional reboot to ensure that all is updated\n  - reboot",
            "template": "#cloud-config\nusers:\n  - name: devops\n    groups: users, admin\n    sudo: ALL=(ALL) NOPASSWD:ALL\n    shell: /bin/bash\n    ssh_authorized_keys:\n      ${ssh_authorized_keys}\npackage_update: true\npackage_upgrade: true\n  - ufw\n  - unzip\n\nwrite_files: \n  - path: /etc/netplan/60-floating-ip.yaml\n    content: |\n      network:\n        version: 2\n        renderer: networkd\n        ethernets:\n          eth0:\n            addresses:\n            - ${floating_ip}/32    \nruncmd:\n  # Enable firewall\n  - ufw enable\n\n  - apt-get update\n  - apt-get upgrade\n\n  - ufw allow 2211/tcp comment 'Open port ssh tcp port 2211'\n\n  # ssh hardening\n  # @see https://www.digitalocean.com/community/tutorials/how-to-harden-openssh-on-ubuntu-20-04\n  # @see https://kennethghartman.com/change-config-settings-using-a-bash-script/\n  - cp /etc/ssh/sshd_config /etc/ssh/sshd_config.bak\n  # Chnage ssh port to 2211\n  - sed -i 's/#\\?\\(Port\\s*\\).*$/\\1 2211/' /etc/ssh/sshd_config\n  # Disable root login over ssh\n  - sed -i 's/#\\?\\(PermitRootLogin\\s*\\).*$/\\1 no/' /etc/ssh/sshd_config\n  # Enable public key auth\n  - sed -i 's/#\\?\\(PubkeyAuthentication\\s*\\).*$/\\1 yes/' /etc/ssh/sshd_config\n  # Disable empty passwords\n  - sed -i 's/#\\?\\(PermitEmptyPasswords\\s*\\).*$/\\1 no/' /etc/ssh/sshd_config\n  # Disable password base auth \n  - sed -i 's/#\\?\\(PasswordAuthentication\\s*\\).*$/\\1 no/' /etc/ssh/sshd_config\n  # Set max retries to 2\n  - sed -i 's/#\\?\\(MaxAuthTries\\s*\\).*$/\\1 3/' /etc/ssh/sshd_config\n  # Disable x11Forwarding\n  - sed -i 's/#\\?\\(X11Forwarding\\s*\\).*$/\\1 no/' /etc/ssh/sshd_config\n  # Do not show info about last login\n  - sed -i 's/#\\?\\(PrintLastLog\\s*\\).*$/\\1 no/' /etc/ssh/sshd_config\n  # Disable tunnel\n  - sed -i 's/#\\?\\(PermitTunnel\\s*\\).*$/\\1 no/' /etc/ssh/sshd_config\n  # Disable agent forwards\n  - sed -i 's/#\\?\\(AllowAgentForwarding\\s*\\).*$/\\1 no/' /etc/ssh/sshd_config\n  # Disable tcp forwards\n  - sed -i 's/#\\?\\(AllowTcpForwarding\\s*\\).*$/\\1 no/' /etc/ssh/sshd_config\n  # Disable ChallengeResponseAuthentication\n  - sed -i 's/#\\?\\(ChallengeResponseAuthentication\\s*\\).*$/\\1 no/' /etc/ssh/sshd_config\n  # Disable KerberosAuthentication\n  - sed -i 's/#\\?\\(KerberosAuthentication\\s*\\).*$/\\1 no/' /etc/ssh/sshd_config\n  # Disable GSSAPIAuthentication\n  - sed -i 's/#\\?\\(GSSAPIAuthentication\\s*\\).*$/\\1 no/' /etc/ssh/sshd_config\n  # Only allow devops user\n  - sed -i '$a AllowUsers devops' /etc/ssh/sshd_config\n  - systemctl reload sshd.service\n  \n  # Apply changes to get floating ip\n  - netplan apply\n  # Additional reboot to ensure that all is updated\n  - reboot",
            "vars": {
              "floating_ip": "195.201.250.214",
              "ssh_authorized_keys": "- ssh-ed25519 AAAAC3NzaC1lZDI1NTE5AAAAIAS/7t75Vdf8383f9Qt61iJG1yXDXBzFJA6QS+8qeieo raziel@be-quiet-lin\n"
            }
          },
          "sensitive_attributes": []
        }
      ]
    },
    {
      "mode": "managed",
      "type": "hcloud_firewall",
      "name": "default",
      "provider": "provider[\"registry.terraform.io/hetznercloud/hcloud\"]",
      "instances": [
        {
          "schema_version": 0,
          "attributes": {
            "apply_to": [
              {
                "label_selector": "",
                "server": 20522699
              }
            ],
            "id": "393897",
            "labels": {
              "env": "prod",
              "project": "city_trees"
            },
            "name": "server_firewall-prod",
            "rule": [
              {
                "description": "",
                "destination_ips": [],
                "direction": "in",
                "port": "",
                "protocol": "icmp",
                "source_ips": [
                  "0.0.0.0/0",
                  "::/0"
                ]
              },
              {
                "description": "",
                "destination_ips": [],
                "direction": "in",
                "port": "2096",
                "protocol": "tcp",
                "source_ips": [
                  "0.0.0.0/0",
                  "::/0"
                ]
              },
              {
                "description": "",
                "destination_ips": [],
                "direction": "in",
                "port": "2211",
                "protocol": "tcp",
                "source_ips": [
                  "0.0.0.0/0",
                  "::/0"
                ]
              }
            ]
          },
          "sensitive_attributes": [],
          "private": "bnVsbA=="
        }
      ]
    },
    {
      "mode": "managed",
      "type": "hcloud_floating_ip",
      "name": "app_server_ip",
      "provider": "provider[\"registry.terraform.io/hetznercloud/hcloud\"]",
      "instances": [
        {
          "index_key": "01",
          "schema_version": 0,
          "attributes": {
            "delete_protection": false,
            "description": "",
            "home_location": "nbg1",
            "id": "6563210",
            "ip_address": "195.201.250.214",
            "ip_network": null,
            "labels": {
              "env": "prod",
              "project": "city_trees"
            },
            "name": "app-server-ip-prod-01",
            "server_id": 20522699,
            "type": "ipv4"
          },
          "sensitive_attributes": [],
          "private": "bnVsbA=="
        }
      ]
    },
    {
      "mode": "managed",
      "type": "hcloud_floating_ip_assignment",
      "name": "app_server_assignment",
      "provider": "provider[\"registry.terraform.io/hetznercloud/hcloud\"]",
      "instances": [
        {
          "index_key": "01",
          "schema_version": 0,
          "attributes": {
            "floating_ip_id": 6563210,
            "id": "6563210",
            "server_id": 20522699
          },
          "sensitive_attributes": [],
          "private": "bnVsbA==",
          "dependencies": [
            "data.template_file.user_data",
            "hcloud_firewall.default",
            "hcloud_floating_ip.app_server_ip",
            "hcloud_network.default",
            "hcloud_network_subnet.default",
            "hcloud_placement_group.city_trees",
            "hcloud_server.app_server",
            "hcloud_ssh_key.deploy_ssh_key"
          ]
        }
      ]
    },
    {
      "mode": "managed",
      "type": "hcloud_network",
      "name": "default",
      "provider": "provider[\"registry.terraform.io/hetznercloud/hcloud\"]",
      "instances": [
        {
          "schema_version": 0,
          "attributes": {
            "delete_protection": false,
            "id": "1655509",
            "ip_range": "10.0.0.0/16",
            "labels": {},
            "name": "network-prod"
          },
          "sensitive_attributes": [],
          "private": "bnVsbA=="
        }
      ]
    },
    {
      "mode": "managed",
      "type": "hcloud_network_subnet",
      "name": "default",
      "provider": "provider[\"registry.terraform.io/hetznercloud/hcloud\"]",
      "instances": [
        {
          "schema_version": 0,
          "attributes": {
            "gateway": "10.0.0.1",
            "id": "1655509-10.0.1.0/24",
            "ip_range": "10.0.1.0/24",
            "network_id": 1655509,
            "network_zone": "eu-central",
            "type": "cloud",
            "vswitch_id": null
          },
          "sensitive_attributes": [],
          "private": "bnVsbA==",
          "dependencies": [
            "hcloud_network.default"
          ]
        }
      ]
    },
    {
      "mode": "managed",
      "type": "hcloud_placement_group",
      "name": "city_trees",
      "provider": "provider[\"registry.terraform.io/hetznercloud/hcloud\"]",
      "instances": [
        {
          "schema_version": 0,
          "attributes": {
            "id": "43201",
            "labels": {
              "env": "prod",
              "project": "city_trees"
            },
            "name": "city_trees-prod",
            "servers": [],
            "type": "spread"
          },
          "sensitive_attributes": [],
          "private": "bnVsbA=="
        }
      ]
    },
    {
      "mode": "managed",
      "type": "hcloud_server",
      "name": "app_server",
      "provider": "provider[\"registry.terraform.io/hetznercloud/hcloud\"]",
      "instances": [
        {
          "index_key": "01",
          "schema_version": 0,
          "attributes": {
            "backup_window": "06-10",
            "backups": true,
            "datacenter": "nbg1-dc3",
            "delete_protection": false,
            "firewall_ids": [
              393897
            ],
            "id": "20522699",
            "ignore_remote_firewall_ids": false,
            "image": "ubuntu-22.04",
            "ipv4_address": "167.235.57.53",
            "ipv6_address": "2a01:4f8:1c1e:d54c::1",
            "ipv6_network": "2a01:4f8:1c1e:d54c::/64",
            "iso": null,
            "keep_disk": false,
            "labels": {
              "env": "prod",
              "project": "city_trees"
            },
            "location": "nbg1",
            "name": "city-trees-prod-01",
            "network": [
              {
                "alias_ips": [],
                "ip": "10.0.1.5",
                "mac_address": "86:00:00:10:60:67",
                "network_id": 1655509
              }
            ],
            "placement_group_id": 43201,
            "rebuild_protection": false,
            "rescue": null,
            "server_type": "cpx11",
            "ssh_keys": [
              "6457902"
            ],
            "status": "running",
            "timeouts": null,
            "user_data": "AqBqpjnKAfGSNgT9QFHr3UoYMeI="
          },
          "sensitive_attributes": [],
          "private": "eyJlMmJmYjczMC1lY2FhLTExZTYtOGY4OC0zNDM2M2JjN2M0YzAiOnsiY3JlYXRlIjo1NDAwMDAwMDAwMDAwfX0=",
          "dependencies": [
            "data.template_file.user_data",
            "hcloud_firewall.default",
            "hcloud_network.default",
            "hcloud_network_subnet.default",
            "hcloud_placement_group.city_trees",
            "hcloud_ssh_key.deploy_ssh_key"
          ]
        }
      ]
    },
    {
      "mode": "managed",
      "type": "hcloud_ssh_key",
      "name": "deploy_ssh_key",
      "provider": "provider[\"registry.terraform.io/hetznercloud/hcloud\"]",
      "instances": [
        {
          "schema_version": 0,
          "attributes": {
            "fingerprint": "61:45:01:e1:21:9c:db:ee:08:33:8a:79:15:05:31:a3",
            "id": "6457902",
            "labels": {
              "env": "prod",
              "project": "city_trees"
            },
            "name": "deploy_prod",
            "public_key": "ssh-ed25519 AAAAC3NzaC1lZDI1NTE5AAAAIAS/7t75Vdf8383f9Qt61iJG1yXDXBzFJA6QS+8qeieo raziel@be-quiet-lin\n"
          },
          "sensitive_attributes": [],
          "private": "bnVsbA=="
        }
      ]
    }
  ]
}
